// !$*UTF8*$!
{
	archiveVersion = 1;
	classes = {
	};
	objectVersion = 46;
	objects = {

/* Begin PBXBuildFile section */
		07D8F67A1DE9A2AF003AE15D /* AppDelegate.swift in Sources */ = {isa = PBXBuildFile; fileRef = 07D8F6791DE9A2AF003AE15D /* AppDelegate.swift */; };
		07D8F67C1DE9A2AF003AE15D /* ViewController.swift in Sources */ = {isa = PBXBuildFile; fileRef = 07D8F67B1DE9A2AF003AE15D /* ViewController.swift */; };
		07D8F67F1DE9A2AF003AE15D /* Main.storyboard in Resources */ = {isa = PBXBuildFile; fileRef = 07D8F67D1DE9A2AF003AE15D /* Main.storyboard */; };
		07D8F6841DE9A2AF003AE15D /* LaunchScreen.storyboard in Resources */ = {isa = PBXBuildFile; fileRef = 07D8F6821DE9A2AF003AE15D /* LaunchScreen.storyboard */; };
		07D8F68F1DE9A2AF003AE15D /* FiestaDeLaMediaNaranjaTests.swift in Sources */ = {isa = PBXBuildFile; fileRef = 07D8F68E1DE9A2AF003AE15D /* FiestaDeLaMediaNaranjaTests.swift */; };
		07D8F69A1DE9A2AF003AE15D /* FiestaDeLaMediaNaranjaUITests.swift in Sources */ = {isa = PBXBuildFile; fileRef = 07D8F6991DE9A2AF003AE15D /* FiestaDeLaMediaNaranjaUITests.swift */; };
		07D8F6A81DE9A4D3003AE15D /* img in Resources */ = {isa = PBXBuildFile; fileRef = 07D8F6A71DE9A4D3003AE15D /* img */; };
		07D8F6AC1DE9A92D003AE15D /* NacimientoViewController.swift in Sources */ = {isa = PBXBuildFile; fileRef = 07D8F6AB1DE9A92D003AE15D /* NacimientoViewController.swift */; };
		07D8F6B01DE9AFEB003AE15D /* FirstDateViewController.swift in Sources */ = {isa = PBXBuildFile; fileRef = 07D8F6AF1DE9AFEB003AE15D /* FirstDateViewController.swift */; };
		07D8F6B21DE9B1F5003AE15D /* InfoViewController.swift in Sources */ = {isa = PBXBuildFile; fileRef = 07D8F6B11DE9B1F5003AE15D /* InfoViewController.swift */; };
		07F159921DE9F1C5000981FB /* Asset.xcassets in Resources */ = {isa = PBXBuildFile; fileRef = 07F159911DE9F1C5000981FB /* Asset.xcassets */; };
		779A86E81DEDEF1200892AE7 /* PopOverViewController.swift in Sources */ = {isa = PBXBuildFile; fileRef = 779A86E71DEDEF1200892AE7 /* PopOverViewController.swift */; };
/* End PBXBuildFile section */

/* Begin PBXContainerItemProxy section */
		07D8F68B1DE9A2AF003AE15D /* PBXContainerItemProxy */ = {
			isa = PBXContainerItemProxy;
			containerPortal = 07D8F66E1DE9A2AE003AE15D /* Project object */;
			proxyType = 1;
			remoteGlobalIDString = 07D8F6751DE9A2AE003AE15D;
			remoteInfo = FiestaDeLaMediaNaranja;
		};
		07D8F6961DE9A2AF003AE15D /* PBXContainerItemProxy */ = {
			isa = PBXContainerItemProxy;
			containerPortal = 07D8F66E1DE9A2AE003AE15D /* Project object */;
			proxyType = 1;
			remoteGlobalIDString = 07D8F6751DE9A2AE003AE15D;
			remoteInfo = FiestaDeLaMediaNaranja;
		};
/* End PBXContainerItemProxy section */

/* Begin PBXFileReference section */
		07D8F6761DE9A2AE003AE15D /* FiestaDeLaMediaNaranja.app */ = {isa = PBXFileReference; explicitFileType = wrapper.application; includeInIndex = 0; path = FiestaDeLaMediaNaranja.app; sourceTree = BUILT_PRODUCTS_DIR; };
		07D8F6791DE9A2AF003AE15D /* AppDelegate.swift */ = {isa = PBXFileReference; lastKnownFileType = sourcecode.swift; path = AppDelegate.swift; sourceTree = "<group>"; };
		07D8F67B1DE9A2AF003AE15D /* ViewController.swift */ = {isa = PBXFileReference; lastKnownFileType = sourcecode.swift; path = ViewController.swift; sourceTree = "<group>"; };
		07D8F67E1DE9A2AF003AE15D /* Base */ = {isa = PBXFileReference; lastKnownFileType = file.storyboard; name = Base; path = Base.lproj/Main.storyboard; sourceTree = "<group>"; };
		07D8F6831DE9A2AF003AE15D /* Base */ = {isa = PBXFileReference; lastKnownFileType = file.storyboard; name = Base; path = Base.lproj/LaunchScreen.storyboard; sourceTree = "<group>"; };
		07D8F6851DE9A2AF003AE15D /* Info.plist */ = {isa = PBXFileReference; lastKnownFileType = text.plist.xml; path = Info.plist; sourceTree = "<group>"; };
		07D8F68A1DE9A2AF003AE15D /* FiestaDeLaMediaNaranjaTests.xctest */ = {isa = PBXFileReference; explicitFileType = wrapper.cfbundle; includeInIndex = 0; path = FiestaDeLaMediaNaranjaTests.xctest; sourceTree = BUILT_PRODUCTS_DIR; };
		07D8F68E1DE9A2AF003AE15D /* FiestaDeLaMediaNaranjaTests.swift */ = {isa = PBXFileReference; lastKnownFileType = sourcecode.swift; path = FiestaDeLaMediaNaranjaTests.swift; sourceTree = "<group>"; };
		07D8F6901DE9A2AF003AE15D /* Info.plist */ = {isa = PBXFileReference; lastKnownFileType = text.plist.xml; path = Info.plist; sourceTree = "<group>"; };
		07D8F6951DE9A2AF003AE15D /* FiestaDeLaMediaNaranjaUITests.xctest */ = {isa = PBXFileReference; explicitFileType = wrapper.cfbundle; includeInIndex = 0; path = FiestaDeLaMediaNaranjaUITests.xctest; sourceTree = BUILT_PRODUCTS_DIR; };
		07D8F6991DE9A2AF003AE15D /* FiestaDeLaMediaNaranjaUITests.swift */ = {isa = PBXFileReference; lastKnownFileType = sourcecode.swift; path = FiestaDeLaMediaNaranjaUITests.swift; sourceTree = "<group>"; };
		07D8F69B1DE9A2AF003AE15D /* Info.plist */ = {isa = PBXFileReference; lastKnownFileType = text.plist.xml; path = Info.plist; sourceTree = "<group>"; };
		07D8F6A71DE9A4D3003AE15D /* img */ = {isa = PBXFileReference; lastKnownFileType = folder; name = img; path = ../img; sourceTree = "<group>"; };
		07D8F6AB1DE9A92D003AE15D /* NacimientoViewController.swift */ = {isa = PBXFileReference; fileEncoding = 4; lastKnownFileType = sourcecode.swift; path = NacimientoViewController.swift; sourceTree = "<group>"; };
		07D8F6AF1DE9AFEB003AE15D /* FirstDateViewController.swift */ = {isa = PBXFileReference; fileEncoding = 4; lastKnownFileType = sourcecode.swift; path = FirstDateViewController.swift; sourceTree = "<group>"; };
		07D8F6B11DE9B1F5003AE15D /* InfoViewController.swift */ = {isa = PBXFileReference; fileEncoding = 4; lastKnownFileType = sourcecode.swift; path = InfoViewController.swift; sourceTree = "<group>"; };
		07F159911DE9F1C5000981FB /* Asset.xcassets */ = {isa = PBXFileReference; lastKnownFileType = folder.assetcatalog; path = Asset.xcassets; sourceTree = "<group>"; };
		779A86E71DEDEF1200892AE7 /* PopOverViewController.swift */ = {isa = PBXFileReference; fileEncoding = 4; lastKnownFileType = sourcecode.swift; path = PopOverViewController.swift; sourceTree = "<group>"; };
/* End PBXFileReference section */

/* Begin PBXFrameworksBuildPhase section */
		07D8F6731DE9A2AE003AE15D /* Frameworks */ = {
			isa = PBXFrameworksBuildPhase;
			buildActionMask = 2147483647;
			files = (
			);
			runOnlyForDeploymentPostprocessing = 0;
		};
		07D8F6871DE9A2AF003AE15D /* Frameworks */ = {
			isa = PBXFrameworksBuildPhase;
			buildActionMask = 2147483647;
			files = (
			);
			runOnlyForDeploymentPostprocessing = 0;
		};
		07D8F6921DE9A2AF003AE15D /* Frameworks */ = {
			isa = PBXFrameworksBuildPhase;
			buildActionMask = 2147483647;
			files = (
			);
			runOnlyForDeploymentPostprocessing = 0;
		};
/* End PBXFrameworksBuildPhase section */

/* Begin PBXGroup section */
		07D8F66D1DE9A2AE003AE15D = {
			isa = PBXGroup;
			children = (
				07D8F6781DE9A2AE003AE15D /* FiestaDeLaMediaNaranja */,
				07D8F68D1DE9A2AF003AE15D /* FiestaDeLaMediaNaranjaTests */,
				07D8F6981DE9A2AF003AE15D /* FiestaDeLaMediaNaranjaUITests */,
				07D8F6771DE9A2AE003AE15D /* Products */,
			);
			sourceTree = "<group>";
		};
		07D8F6771DE9A2AE003AE15D /* Products */ = {
			isa = PBXGroup;
			children = (
				07D8F6761DE9A2AE003AE15D /* FiestaDeLaMediaNaranja.app */,
				07D8F68A1DE9A2AF003AE15D /* FiestaDeLaMediaNaranjaTests.xctest */,
				07D8F6951DE9A2AF003AE15D /* FiestaDeLaMediaNaranjaUITests.xctest */,
			);
			name = Products;
			sourceTree = "<group>";
		};
		07D8F6781DE9A2AE003AE15D /* FiestaDeLaMediaNaranja */ = {
			isa = PBXGroup;
			children = (
				07D8F6A71DE9A4D3003AE15D /* img */,
				07D8F6791DE9A2AF003AE15D /* AppDelegate.swift */,
				07D8F67B1DE9A2AF003AE15D /* ViewController.swift */,
				07D8F6AB1DE9A92D003AE15D /* NacimientoViewController.swift */,
				07D8F6AF1DE9AFEB003AE15D /* FirstDateViewController.swift */,
				07D8F6B11DE9B1F5003AE15D /* InfoViewController.swift */,
				779A86E71DEDEF1200892AE7 /* PopOverViewController.swift */,
				07D8F67D1DE9A2AF003AE15D /* Main.storyboard */,
				07D8F6821DE9A2AF003AE15D /* LaunchScreen.storyboard */,
				07D8F6851DE9A2AF003AE15D /* Info.plist */,
				07F159911DE9F1C5000981FB /* Asset.xcassets */,
			);
			path = FiestaDeLaMediaNaranja;
			sourceTree = "<group>";
		};
		07D8F68D1DE9A2AF003AE15D /* FiestaDeLaMediaNaranjaTests */ = {
			isa = PBXGroup;
			children = (
				07D8F68E1DE9A2AF003AE15D /* FiestaDeLaMediaNaranjaTests.swift */,
				07D8F6901DE9A2AF003AE15D /* Info.plist */,
			);
			path = FiestaDeLaMediaNaranjaTests;
			sourceTree = "<group>";
		};
		07D8F6981DE9A2AF003AE15D /* FiestaDeLaMediaNaranjaUITests */ = {
			isa = PBXGroup;
			children = (
				07D8F6991DE9A2AF003AE15D /* FiestaDeLaMediaNaranjaUITests.swift */,
				07D8F69B1DE9A2AF003AE15D /* Info.plist */,
			);
			path = FiestaDeLaMediaNaranjaUITests;
			sourceTree = "<group>";
		};
/* End PBXGroup section */

/* Begin PBXNativeTarget section */
		07D8F6751DE9A2AE003AE15D /* FiestaDeLaMediaNaranja */ = {
			isa = PBXNativeTarget;
			buildConfigurationList = 07D8F69E1DE9A2AF003AE15D /* Build configuration list for PBXNativeTarget "FiestaDeLaMediaNaranja" */;
			buildPhases = (
				07D8F6721DE9A2AE003AE15D /* Sources */,
				07D8F6731DE9A2AE003AE15D /* Frameworks */,
				07D8F6741DE9A2AE003AE15D /* Resources */,
			);
			buildRules = (
			);
			dependencies = (
			);
			name = FiestaDeLaMediaNaranja;
			productName = FiestaDeLaMediaNaranja;
			productReference = 07D8F6761DE9A2AE003AE15D /* FiestaDeLaMediaNaranja.app */;
			productType = "com.apple.product-type.application";
		};
		07D8F6891DE9A2AF003AE15D /* FiestaDeLaMediaNaranjaTests */ = {
			isa = PBXNativeTarget;
			buildConfigurationList = 07D8F6A11DE9A2AF003AE15D /* Build configuration list for PBXNativeTarget "FiestaDeLaMediaNaranjaTests" */;
			buildPhases = (
				07D8F6861DE9A2AF003AE15D /* Sources */,
				07D8F6871DE9A2AF003AE15D /* Frameworks */,
				07D8F6881DE9A2AF003AE15D /* Resources */,
			);
			buildRules = (
			);
			dependencies = (
				07D8F68C1DE9A2AF003AE15D /* PBXTargetDependency */,
			);
			name = FiestaDeLaMediaNaranjaTests;
			productName = FiestaDeLaMediaNaranjaTests;
			productReference = 07D8F68A1DE9A2AF003AE15D /* FiestaDeLaMediaNaranjaTests.xctest */;
			productType = "com.apple.product-type.bundle.unit-test";
		};
		07D8F6941DE9A2AF003AE15D /* FiestaDeLaMediaNaranjaUITests */ = {
			isa = PBXNativeTarget;
			buildConfigurationList = 07D8F6A41DE9A2AF003AE15D /* Build configuration list for PBXNativeTarget "FiestaDeLaMediaNaranjaUITests" */;
			buildPhases = (
				07D8F6911DE9A2AF003AE15D /* Sources */,
				07D8F6921DE9A2AF003AE15D /* Frameworks */,
				07D8F6931DE9A2AF003AE15D /* Resources */,
			);
			buildRules = (
			);
			dependencies = (
				07D8F6971DE9A2AF003AE15D /* PBXTargetDependency */,
			);
			name = FiestaDeLaMediaNaranjaUITests;
			productName = FiestaDeLaMediaNaranjaUITests;
			productReference = 07D8F6951DE9A2AF003AE15D /* FiestaDeLaMediaNaranjaUITests.xctest */;
			productType = "com.apple.product-type.bundle.ui-testing";
		};
/* End PBXNativeTarget section */

/* Begin PBXProject section */
		07D8F66E1DE9A2AE003AE15D /* Project object */ = {
			isa = PBXProject;
			attributes = {
				LastSwiftUpdateCheck = 0810;
				LastUpgradeCheck = 0810;
				ORGANIZATIONNAME = "Carlos ";
				TargetAttributes = {
					07D8F6751DE9A2AE003AE15D = {
						CreatedOnToolsVersion = 8.1;
						ProvisioningStyle = Automatic;
					};
					07D8F6891DE9A2AF003AE15D = {
						CreatedOnToolsVersion = 8.1;
						ProvisioningStyle = Automatic;
						TestTargetID = 07D8F6751DE9A2AE003AE15D;
					};
					07D8F6941DE9A2AF003AE15D = {
						CreatedOnToolsVersion = 8.1;
						ProvisioningStyle = Automatic;
						TestTargetID = 07D8F6751DE9A2AE003AE15D;
					};
				};
			};
			buildConfigurationList = 07D8F6711DE9A2AE003AE15D /* Build configuration list for PBXProject "FiestaDeLaMediaNaranja" */;
			compatibilityVersion = "Xcode 3.2";
			developmentRegion = English;
			hasScannedForEncodings = 0;
			knownRegions = (
				en,
				Base,
			);
			mainGroup = 07D8F66D1DE9A2AE003AE15D;
			productRefGroup = 07D8F6771DE9A2AE003AE15D /* Products */;
			projectDirPath = "";
			projectRoot = "";
			targets = (
				07D8F6751DE9A2AE003AE15D /* FiestaDeLaMediaNaranja */,
				07D8F6891DE9A2AF003AE15D /* FiestaDeLaMediaNaranjaTests */,
				07D8F6941DE9A2AF003AE15D /* FiestaDeLaMediaNaranjaUITests */,
			);
		};
/* End PBXProject section */

/* Begin PBXResourcesBuildPhase section */
		07D8F6741DE9A2AE003AE15D /* Resources */ = {
			isa = PBXResourcesBuildPhase;
			buildActionMask = 2147483647;
			files = (
				07D8F6A81DE9A4D3003AE15D /* img in Resources */,
				07D8F6841DE9A2AF003AE15D /* LaunchScreen.storyboard in Resources */,
				07F159921DE9F1C5000981FB /* Asset.xcassets in Resources */,
				07D8F67F1DE9A2AF003AE15D /* Main.storyboard in Resources */,
			);
			runOnlyForDeploymentPostprocessing = 0;
		};
		07D8F6881DE9A2AF003AE15D /* Resources */ = {
			isa = PBXResourcesBuildPhase;
			buildActionMask = 2147483647;
			files = (
			);
			runOnlyForDeploymentPostprocessing = 0;
		};
		07D8F6931DE9A2AF003AE15D /* Resources */ = {
			isa = PBXResourcesBuildPhase;
			buildActionMask = 2147483647;
			files = (
			);
			runOnlyForDeploymentPostprocessing = 0;
		};
/* End PBXResourcesBuildPhase section */

/* Begin PBXSourcesBuildPhase section */
		07D8F6721DE9A2AE003AE15D /* Sources */ = {
			isa = PBXSourcesBuildPhase;
			buildActionMask = 2147483647;
			files = (
				07D8F67C1DE9A2AF003AE15D /* ViewController.swift in Sources */,
				07D8F6B01DE9AFEB003AE15D /* FirstDateViewController.swift in Sources */,
				779A86E81DEDEF1200892AE7 /* PopOverViewController.swift in Sources */,
				07D8F6AC1DE9A92D003AE15D /* NacimientoViewController.swift in Sources */,
				07D8F67A1DE9A2AF003AE15D /* AppDelegate.swift in Sources */,
				07D8F6B21DE9B1F5003AE15D /* InfoViewController.swift in Sources */,
			);
			runOnlyForDeploymentPostprocessing = 0;
		};
		07D8F6861DE9A2AF003AE15D /* Sources */ = {
			isa = PBXSourcesBuildPhase;
			buildActionMask = 2147483647;
			files = (
				07D8F68F1DE9A2AF003AE15D /* FiestaDeLaMediaNaranjaTests.swift in Sources */,
			);
			runOnlyForDeploymentPostprocessing = 0;
		};
		07D8F6911DE9A2AF003AE15D /* Sources */ = {
			isa = PBXSourcesBuildPhase;
			buildActionMask = 2147483647;
			files = (
				07D8F69A1DE9A2AF003AE15D /* FiestaDeLaMediaNaranjaUITests.swift in Sources */,
			);
			runOnlyForDeploymentPostprocessing = 0;
		};
/* End PBXSourcesBuildPhase section */

/* Begin PBXTargetDependency section */
		07D8F68C1DE9A2AF003AE15D /* PBXTargetDependency */ = {
			isa = PBXTargetDependency;
			target = 07D8F6751DE9A2AE003AE15D /* FiestaDeLaMediaNaranja */;
			targetProxy = 07D8F68B1DE9A2AF003AE15D /* PBXContainerItemProxy */;
		};
		07D8F6971DE9A2AF003AE15D /* PBXTargetDependency */ = {
			isa = PBXTargetDependency;
			target = 07D8F6751DE9A2AE003AE15D /* FiestaDeLaMediaNaranja */;
			targetProxy = 07D8F6961DE9A2AF003AE15D /* PBXContainerItemProxy */;
		};
/* End PBXTargetDependency section */

/* Begin PBXVariantGroup section */
		07D8F67D1DE9A2AF003AE15D /* Main.storyboard */ = {
			isa = PBXVariantGroup;
			children = (
				07D8F67E1DE9A2AF003AE15D /* Base */,
			);
			name = Main.storyboard;
			sourceTree = "<group>";
		};
		07D8F6821DE9A2AF003AE15D /* LaunchScreen.storyboard */ = {
			isa = PBXVariantGroup;
			children = (
				07D8F6831DE9A2AF003AE15D /* Base */,
			);
			name = LaunchScreen.storyboard;
			sourceTree = "<group>";
		};
/* End PBXVariantGroup section */

/* Begin XCBuildConfiguration section */
		07D8F69C1DE9A2AF003AE15D /* Debug */ = {
			isa = XCBuildConfiguration;
			buildSettings = {
				ALWAYS_SEARCH_USER_PATHS = NO;
				CLANG_ANALYZER_NONNULL = YES;
				CLANG_CXX_LANGUAGE_STANDARD = "gnu++0x";
				CLANG_CXX_LIBRARY = "libc++";
				CLANG_ENABLE_MODULES = YES;
				CLANG_ENABLE_OBJC_ARC = YES;
				CLANG_WARN_BOOL_CONVERSION = YES;
				CLANG_WARN_CONSTANT_CONVERSION = YES;
				CLANG_WARN_DIRECT_OBJC_ISA_USAGE = YES_ERROR;
				CLANG_WARN_DOCUMENTATION_COMMENTS = YES;
				CLANG_WARN_EMPTY_BODY = YES;
				CLANG_WARN_ENUM_CONVERSION = YES;
				CLANG_WARN_INFINITE_RECURSION = YES;
				CLANG_WARN_INT_CONVERSION = YES;
				CLANG_WARN_OBJC_ROOT_CLASS = YES_ERROR;
				CLANG_WARN_SUSPICIOUS_MOVES = YES;
				CLANG_WARN_UNREACHABLE_CODE = YES;
				CLANG_WARN__DUPLICATE_METHOD_MATCH = YES;
				"CODE_SIGN_IDENTITY[sdk=iphoneos*]" = "iPhone Developer";
				COPY_PHASE_STRIP = NO;
				DEBUG_INFORMATION_FORMAT = dwarf;
				ENABLE_STRICT_OBJC_MSGSEND = YES;
				ENABLE_TESTABILITY = YES;
				GCC_C_LANGUAGE_STANDARD = gnu99;
				GCC_DYNAMIC_NO_PIC = NO;
				GCC_NO_COMMON_BLOCKS = YES;
				GCC_OPTIMIZATION_LEVEL = 0;
				GCC_PREPROCESSOR_DEFINITIONS = (
					"DEBUG=1",
					"$(inherited)",
				);
				GCC_WARN_64_TO_32_BIT_CONVERSION = YES;
				GCC_WARN_ABOUT_RETURN_TYPE = YES_ERROR;
				GCC_WARN_UNDECLARED_SELECTOR = YES;
				GCC_WARN_UNINITIALIZED_AUTOS = YES_AGGRESSIVE;
				GCC_WARN_UNUSED_FUNCTION = YES;
				GCC_WARN_UNUSED_VARIABLE = YES;
				IPHONEOS_DEPLOYMENT_TARGET = 10.1;
				MTL_ENABLE_DEBUG_INFO = YES;
				ONLY_ACTIVE_ARCH = YES;
				SDKROOT = iphoneos;
				SWIFT_ACTIVE_COMPILATION_CONDITIONS = DEBUG;
				SWIFT_OPTIMIZATION_LEVEL = "-Onone";
				TARGETED_DEVICE_FAMILY = "1,2";
			};
			name = Debug;
		};
		07D8F69D1DE9A2AF003AE15D /* Release */ = {
			isa = XCBuildConfiguration;
			buildSettings = {
				ALWAYS_SEARCH_USER_PATHS = NO;
				CLANG_ANALYZER_NONNULL = YES;
				CLANG_CXX_LANGUAGE_STANDARD = "gnu++0x";
				CLANG_CXX_LIBRARY = "libc++";
				CLANG_ENABLE_MODULES = YES;
				CLANG_ENABLE_OBJC_ARC = YES;
				CLANG_WARN_BOOL_CONVERSION = YES;
				CLANG_WARN_CONSTANT_CONVERSION = YES;
				CLANG_WARN_DIRECT_OBJC_ISA_USAGE = YES_ERROR;
				CLANG_WARN_DOCUMENTATION_COMMENTS = YES;
				CLANG_WARN_EMPTY_BODY = YES;
				CLANG_WARN_ENUM_CONVERSION = YES;
				CLANG_WARN_INFINITE_RECURSION = YES;
				CLANG_WARN_INT_CONVERSION = YES;
				CLANG_WARN_OBJC_ROOT_CLASS = YES_ERROR;
				CLANG_WARN_SUSPICIOUS_MOVES = YES;
				CLANG_WARN_UNREACHABLE_CODE = YES;
				CLANG_WARN__DUPLICATE_METHOD_MATCH = YES;
				"CODE_SIGN_IDENTITY[sdk=iphoneos*]" = "iPhone Developer";
				COPY_PHASE_STRIP = NO;
				DEBUG_INFORMATION_FORMAT = "dwarf-with-dsym";
				ENABLE_NS_ASSERTIONS = NO;
				ENABLE_STRICT_OBJC_MSGSEND = YES;
				GCC_C_LANGUAGE_STANDARD = gnu99;
				GCC_NO_COMMON_BLOCKS = YES;
				GCC_WARN_64_TO_32_BIT_CONVERSION = YES;
				GCC_WARN_ABOUT_RETURN_TYPE = YES_ERROR;
				GCC_WARN_UNDECLARED_SELECTOR = YES;
				GCC_WARN_UNINITIALIZED_AUTOS = YES_AGGRESSIVE;
				GCC_WARN_UNUSED_FUNCTION = YES;
				GCC_WARN_UNUSED_VARIABLE = YES;
				IPHONEOS_DEPLOYMENT_TARGET = 10.1;
				MTL_ENABLE_DEBUG_INFO = NO;
				SDKROOT = iphoneos;
				SWIFT_OPTIMIZATION_LEVEL = "-Owholemodule";
				TARGETED_DEVICE_FAMILY = "1,2";
				VALIDATE_PRODUCT = YES;
			};
			name = Release;
		};
		07D8F69F1DE9A2AF003AE15D /* Debug */ = {
			isa = XCBuildConfiguration;
			buildSettings = {
				ASSETCATALOG_COMPILER_APPICON_NAME = AppIcon;
				ASSETCATALOG_COMPILER_LAUNCHIMAGE_NAME = LaunchImage;
				INFOPLIST_FILE = FiestaDeLaMediaNaranja/Info.plist;
				LD_RUNPATH_SEARCH_PATHS = "$(inherited) @executable_path/Frameworks";
				PRODUCT_BUNDLE_IDENTIFIER = es.upm.dit.iweb.FiestaDeLaMediaNaranja;
				PRODUCT_NAME = "$(TARGET_NAME)";
				SWIFT_VERSION = 3.0;
			};
			name = Debug;
		};
		07D8F6A01DE9A2AF003AE15D /* Release */ = {
			isa = XCBuildConfiguration;
			buildSettings = {
				ASSETCATALOG_COMPILER_APPICON_NAME = AppIcon;
				ASSETCATALOG_COMPILER_LAUNCHIMAGE_NAME = LaunchImage;
				INFOPLIST_FILE = FiestaDeLaMediaNaranja/Info.plist;
				LD_RUNPATH_SEARCH_PATHS = "$(inherited) @executable_path/Frameworks";
				PRODUCT_BUNDLE_IDENTIFIER = es.upm.dit.iweb.FiestaDeLaMediaNaranja;
				PRODUCT_NAME = "$(TARGET_NAME)";
				SWIFT_VERSION = 3.0;
			};
			name = Release;
		};
		07D8F6A21DE9A2AF003AE15D /* Debug */ = {
			isa = XCBuildConfiguration;
			buildSettings = {
				ALWAYS_EMBED_SWIFT_STANDARD_LIBRARIES = YES;
				BUNDLE_LOADER = "$(TEST_HOST)";
				INFOPLIST_FILE = FiestaDeLaMediaNaranjaTests/Info.plist;
				LD_RUNPATH_SEARCH_PATHS = "$(inherited) @executable_path/Frameworks @loader_path/Frameworks";
				PRODUCT_BUNDLE_IDENTIFIER = es.upm.dit.iweb.FiestaDeLaMediaNaranjaTests;
				PRODUCT_NAME = "$(TARGET_NAME)";
				SWIFT_VERSION = 3.0;
				TEST_HOST = "$(BUILT_PRODUCTS_DIR)/FiestaDeLaMediaNaranja.app/FiestaDeLaMediaNaranja";
			};
			name = Debug;
		};
		07D8F6A31DE9A2AF003AE15D /* Release */ = {
			isa = XCBuildConfiguration;
			buildSettings = {
				ALWAYS_EMBED_SWIFT_STANDARD_LIBRARIES = YES;
				BUNDLE_LOADER = "$(TEST_HOST)";
				INFOPLIST_FILE = FiestaDeLaMediaNaranjaTests/Info.plist;
				LD_RUNPATH_SEARCH_PATHS = "$(inherited) @executable_path/Frameworks @loader_path/Frameworks";
				PRODUCT_BUNDLE_IDENTIFIER = es.upm.dit.iweb.FiestaDeLaMediaNaranjaTests;
				PRODUCT_NAME = "$(TARGET_NAME)";
				SWIFT_VERSION = 3.0;
				TEST_HOST = "$(BUILT_PRODUCTS_DIR)/FiestaDeLaMediaNaranja.app/FiestaDeLaMediaNaranja";
			};
			name = Release;
		};
		07D8F6A51DE9A2AF003AE15D /* Debug */ = {
			isa = XCBuildConfiguration;
			buildSettings = {
				ALWAYS_EMBED_SWIFT_STANDARD_LIBRARIES = YES;
				INFOPLIST_FILE = FiestaDeLaMediaNaranjaUITests/Info.plist;
				LD_RUNPATH_SEARCH_PATHS = "$(inherited) @executable_path/Frameworks @loader_path/Frameworks";
				PRODUCT_BUNDLE_IDENTIFIER = es.upm.dit.iweb.FiestaDeLaMediaNaranjaUITests;
				PRODUCT_NAME = "$(TARGET_NAME)";
				SWIFT_VERSION = 3.0;
				TEST_TARGET_NAME = FiestaDeLaMediaNaranja;
			};
			name = Debug;
		};
		07D8F6A61DE9A2AF003AE15D /* Release */ = {
			isa = XCBuildConfiguration;
			buildSettings = {
				ALWAYS_EMBED_SWIFT_STANDARD_LIBRARIES = YES;
				INFOPLIST_FILE = FiestaDeLaMediaNaranjaUITests/Info.plist;
				LD_RUNPATH_SEARCH_PATHS = "$(inherited) @executable_path/Frameworks @loader_path/Frameworks";
				PRODUCT_BUNDLE_IDENTIFIER = es.upm.dit.iweb.FiestaDeLaMediaNaranjaUITests;
				PRODUCT_NAME = "$(TARGET_NAME)";
				SWIFT_VERSION = 3.0;
				TEST_TARGET_NAME = FiestaDeLaMediaNaranja;
			};
			name = Release;
		};
/* End XCBuildConfiguration section */

/* Begin XCConfigurationList section */
		07D8F6711DE9A2AE003AE15D /* Build configuration list for PBXProject "FiestaDeLaMediaNaranja" */ = {
			isa = XCConfigurationList;
			buildConfigurations = (
				07D8F69C1DE9A2AF003AE15D /* Debug */,
				07D8F69D1DE9A2AF003AE15D /* Release */,
			);
			defaultConfigurationIsVisible = 0;
			defaultConfigurationName = Release;
		};
		07D8F69E1DE9A2AF003AE15D /* Build configuration list for PBXNativeTarget "FiestaDeLaMediaNaranja" */ = {
			isa = XCConfigurationList;
			buildConfigurations = (
				07D8F69F1DE9A2AF003AE15D /* Debug */,
				07D8F6A01DE9A2AF003AE15D /* Release */,
			);
			defaultConfigurationIsVisible = 0;
			defaultConfigurationName = Release;
		};
		07D8F6A11DE9A2AF003AE15D /* Build configuration list for PBXNativeTarget "FiestaDeLaMediaNaranjaTests" */ = {
			isa = XCConfigurationList;
			buildConfigurations = (
				07D8F6A21DE9A2AF003AE15D /* Debug */,
				07D8F6A31DE9A2AF003AE15D /* Release */,
			);
			defaultConfigurationIsVisible = 0;
			defaultConfigurationName = Release;
		};
		07D8F6A41DE9A2AF003AE15D /* Build configuration list for PBXNativeTarget "FiestaDeLaMediaNaranjaUITests" */ = {
			isa = XCConfigurationList;
			buildConfigurations = (
				07D8F6A51DE9A2AF003AE15D /* Debug */,
				07D8F6A61DE9A2AF003AE15D /* Release */,
			);
			defaultConfigurationIsVisible = 0;
			defaultConfigurationName = Release;
		};
/* End XCConfigurationList section */
	};
	rootObject = 07D8F66E1DE9A2AE003AE15D /* Project object */;
}
